
Microsoft Visual Studio Solution File, Format Version 12.00
# Visual Studio 15
Project("{FAE04EC0-301F-11D3-BF4B-00C04F79EFBC}") = "Assembly-CSharp", "Assembly-CSharp.csproj", "{03032009-2D2C-E022-34A5-65BD9449202C}"
EndProject
Project("{FAE04EC0-301F-11D3-BF4B-00C04F79EFBC}") = "Assembly-CSharp-Editor", "Assembly-CSharp-Editor.csproj", "{9576BAD8-E10C-794A-FBB2-DC4A15487362}"
EndProject
Global
	GlobalSection(SolutionConfigurationPlatforms) = preSolution
		Debug|Any CPU = Debug|Any CPU
		Release|Any CPU = Release|Any CPU
	EndGlobalSection
	GlobalSection(ProjectConfigurationPlatforms) = postSolution
		{03032009-2D2C-E022-34A5-65BD9449202C}.Debug|Any CPU.ActiveCfg = Debug|Any CPU
		{03032009-2D2C-E022-34A5-65BD9449202C}.Debug|Any CPU.Build.0 = Debug|Any CPU
		{03032009-2D2C-E022-34A5-65BD9449202C}.Release|Any CPU.ActiveCfg = Release|Any CPU
		{03032009-2D2C-E022-34A5-65BD9449202C}.Release|Any CPU.Build.0 = Release|Any CPU
		{9576BAD8-E10C-794A-FBB2-DC4A15487362}.Debug|Any CPU.ActiveCfg = Debug|Any CPU
		{9576BAD8-E10C-794A-FBB2-DC4A15487362}.Debug|Any CPU.Build.0 = Debug|Any CPU
		{9576BAD8-E10C-794A-FBB2-DC4A15487362}.Release|Any CPU.ActiveCfg = Release|Any CPU
		{9576BAD8-E10C-794A-FBB2-DC4A15487362}.Release|Any CPU.Build.0 = Release|Any CPU
	EndGlobalSection
	GlobalSection(SolutionProperties) = preSolution
		HideSolutionNode = FALSE
	EndGlobalSection
EndGlobal
